
Microsoft Visual Studio Solution File, Format Version 12.00
# Visual Studio Version 16
VisualStudioVersion = 16.0.30611.23
MinimumVisualStudioVersion = 10.0.40219.1
Project("{2150E333-8FDC-42A3-9474-1A3956D46DE8}") = "SingleStore.NET.Aplication", "SingleStore.NET.Aplication", "{ED10BD5A-F1C7-4C85-8606-E1151DD9E90E}"
EndProject
Project("{2150E333-8FDC-42A3-9474-1A3956D46DE8}") = "SingleStore.NET.Domain", "SingleStore.NET.Domain", "{8CCF1A3F-F3AA-466E-A8EE-4988FE8F6532}"
EndProject
Project("{2150E333-8FDC-42A3-9474-1A3956D46DE8}") = "SingleStore.NET.Infrastructure", "SingleStore.NET.Infrastructure", "{2553F261-B215-4F99-AA50-BC61254E687D}"
EndProject
Project("{2150E333-8FDC-42A3-9474-1A3956D46DE8}") = "SingleStore.NET.Presentation", "SingleStore.NET.Presentation", "{707965D2-38C0-4C23-9653-CB769D282FDD}"
EndProject
Project("{2150E333-8FDC-42A3-9474-1A3956D46DE8}") = "Data", "Data", "{A2B95D2F-E039-47F0-BB1E-5AD06BD7C865}"
EndProject
Project("{2150E333-8FDC-42A3-9474-1A3956D46DE8}") = "Dependency", "Dependency", "{62C83A3D-F0BB-4CD9-8481-9896E1DDE2B5}"
EndProject
Project("{9A19103F-16F7-4668-BE54-9A1E7A4F7556}") = "SingleStore.NET.Domain", "SingleStore.NET.Domain\SingleStore.NET.Domain.csproj", "{C0577F9B-60D6-4014-A22F-651586A1EF3F}"
EndProject
Project("{9A19103F-16F7-4668-BE54-9A1E7A4F7556}") = "SingleStore.NET.Infrastructure.Data", "SingleStore.NET.Infrastructure.Data\SingleStore.NET.Infrastructure.Data.csproj", "{A5389772-F6DE-4F62-807A-F2277EBD2B99}"
EndProject
Project("{9A19103F-16F7-4668-BE54-9A1E7A4F7556}") = "SingleStore.NET.Infrastructure.Dependency", "SingleStore.NET.Infrastructure.Dependency\SingleStore.NET.Infrastructure.Dependency.csproj", "{8DEA0893-DF47-4893-856C-FDF86B9BE436}"
EndProject
Project("{9A19103F-16F7-4668-BE54-9A1E7A4F7556}") = "SingleStore.NET.Application", "SingleStore.NET.Application\SingleStore.NET.Application.csproj", "{83A6E641-916A-4A7C-BD70-D78B3D0D8835}"
EndProject
Project("{9A19103F-16F7-4668-BE54-9A1E7A4F7556}") = "SingleStore.NET.API", "SingleStore.NET.WebAPI\SingleStore.NET.API.csproj", "{6E7DC02D-20B5-4E1F-B008-9EF66F478979}"
EndProject
Global
	GlobalSection(SolutionConfigurationPlatforms) = preSolution
		Debug|Any CPU = Debug|Any CPU
		Release|Any CPU = Release|Any CPU
	EndGlobalSection
	GlobalSection(ProjectConfigurationPlatforms) = postSolution
		{C0577F9B-60D6-4014-A22F-651586A1EF3F}.Debug|Any CPU.ActiveCfg = Debug|Any CPU
		{C0577F9B-60D6-4014-A22F-651586A1EF3F}.Debug|Any CPU.Build.0 = Debug|Any CPU
		{C0577F9B-60D6-4014-A22F-651586A1EF3F}.Release|Any CPU.ActiveCfg = Release|Any CPU
		{C0577F9B-60D6-4014-A22F-651586A1EF3F}.Release|Any CPU.Build.0 = Release|Any CPU
		{A5389772-F6DE-4F62-807A-F2277EBD2B99}.Debug|Any CPU.ActiveCfg = Debug|Any CPU
		{A5389772-F6DE-4F62-807A-F2277EBD2B99}.Debug|Any CPU.Build.0 = Debug|Any CPU
		{A5389772-F6DE-4F62-807A-F2277EBD2B99}.Release|Any CPU.ActiveCfg = Release|Any CPU
		{A5389772-F6DE-4F62-807A-F2277EBD2B99}.Release|Any CPU.Build.0 = Release|Any CPU
		{8DEA0893-DF47-4893-856C-FDF86B9BE436}.Debug|Any CPU.ActiveCfg = Debug|Any CPU
		{8DEA0893-DF47-4893-856C-FDF86B9BE436}.Debug|Any CPU.Build.0 = Debug|Any CPU
		{8DEA0893-DF47-4893-856C-FDF86B9BE436}.Release|Any CPU.ActiveCfg = Release|Any CPU
		{8DEA0893-DF47-4893-856C-FDF86B9BE436}.Release|Any CPU.Build.0 = Release|Any CPU
		{83A6E641-916A-4A7C-BD70-D78B3D0D8835}.Debug|Any CPU.ActiveCfg = Debug|Any CPU
		{83A6E641-916A-4A7C-BD70-D78B3D0D8835}.Debug|Any CPU.Build.0 = Debug|Any CPU
		{83A6E641-916A-4A7C-BD70-D78B3D0D8835}.Release|Any CPU.ActiveCfg = Release|Any CPU
		{83A6E641-916A-4A7C-BD70-D78B3D0D8835}.Release|Any CPU.Build.0 = Release|Any CPU
		{6E7DC02D-20B5-4E1F-B008-9EF66F478979}.Debug|Any CPU.ActiveCfg = Debug|Any CPU
		{6E7DC02D-20B5-4E1F-B008-9EF66F478979}.Debug|Any CPU.Build.0 = Debug|Any CPU
		{6E7DC02D-20B5-4E1F-B008-9EF66F478979}.Release|Any CPU.ActiveCfg = Release|Any CPU
		{6E7DC02D-20B5-4E1F-B008-9EF66F478979}.Release|Any CPU.Build.0 = Release|Any CPU
	EndGlobalSection
	GlobalSection(SolutionProperties) = preSolution
		HideSolutionNode = FALSE
	EndGlobalSection
	GlobalSection(NestedProjects) = preSolution
		{A2B95D2F-E039-47F0-BB1E-5AD06BD7C865} = {2553F261-B215-4F99-AA50-BC61254E687D}
		{62C83A3D-F0BB-4CD9-8481-9896E1DDE2B5} = {2553F261-B215-4F99-AA50-BC61254E687D}
		{C0577F9B-60D6-4014-A22F-651586A1EF3F} = {8CCF1A3F-F3AA-466E-A8EE-4988FE8F6532}
		{A5389772-F6DE-4F62-807A-F2277EBD2B99} = {A2B95D2F-E039-47F0-BB1E-5AD06BD7C865}
		{8DEA0893-DF47-4893-856C-FDF86B9BE436} = {62C83A3D-F0BB-4CD9-8481-9896E1DDE2B5}
		{83A6E641-916A-4A7C-BD70-D78B3D0D8835} = {ED10BD5A-F1C7-4C85-8606-E1151DD9E90E}
		{6E7DC02D-20B5-4E1F-B008-9EF66F478979} = {707965D2-38C0-4C23-9653-CB769D282FDD}
	EndGlobalSection
	GlobalSection(ExtensibilityGlobals) = postSolution
		SolutionGuid = {AC409458-7EE5-4CE3-9795-6B026C8A59BB}
	EndGlobalSection
EndGlobal
